
Microsoft Visual Studio Solution File, Format Version 12.00
# Visual Studio Version 16
VisualStudioVersion = 16.0.34931.43
MinimumVisualStudioVersion = 10.0.40219.1
Project("{FAE04EC0-301F-11D3-BF4B-00C04F79EFBC}") = "ConsoleApp3", "ConsoleApp3.csproj", "{3CC1FDE0-214A-41AB-A871-F96F8A1AF165}"
EndProject
Global
	GlobalSection(SolutionConfigurationPlatforms) = preSolution
		Debug|Any CPU = Debug|Any CPU
		Release|Any CPU = Release|Any CPU
	EndGlobalSection
	GlobalSection(ProjectConfigurationPlatforms) = postSolution
		{3CC1FDE0-214A-41AB-A871-F96F8A1AF165}.Debug|Any CPU.ActiveCfg = Debug|Any CPU
		{3CC1FDE0-214A-41AB-A871-F96F8A1AF165}.Debug|Any CPU.Build.0 = Debug|Any CPU
		{3CC1FDE0-214A-41AB-A871-F96F8A1AF165}.Release|Any CPU.ActiveCfg = Release|Any CPU
		{3CC1FDE0-214A-41AB-A871-F96F8A1AF165}.Release|Any CPU.Build.0 = Release|Any CPU
	EndGlobalSection
	GlobalSection(SolutionProperties) = preSolution
		HideSolutionNode = FALSE
	EndGlobalSection
	GlobalSection(ExtensibilityGlobals) = postSolution
		SolutionGuid = {3F5F0AF7-6262-4377-A927-FF1B2F4BC8D5}
	EndGlobalSection
EndGlobal
